
Microsoft Visual Studio Solution File, Format Version 12.00
# Visual Studio Version 17
VisualStudioVersion = 17.2.32519.379
MinimumVisualStudioVersion = 10.0.40219.1
Project("{FAE04EC0-301F-11D3-BF4B-00C04F79EFBC}") = "ApiResilienceWithPolly", "ApiResilienceWithPolly\ApiResilienceWithPolly.csproj", "{2BC980DA-ACB9-4337-B32A-207BFE481AA3}"
EndProject
Project("{9A19103F-16F7-4668-BE54-9A1E7A4F7556}") = "ApiRessourcesExternes", "ApiRessourcesExternes\ApiRessourcesExternes.csproj", "{19B8FE45-C7C2-4DE6-9AC6-9260F9500255}"
EndProject
Global
	GlobalSection(SolutionConfigurationPlatforms) = preSolution
		Debug|Any CPU = Debug|Any CPU
		Release|Any CPU = Release|Any CPU
	EndGlobalSection
	GlobalSection(ProjectConfigurationPlatforms) = postSolution
		{2BC980DA-ACB9-4337-B32A-207BFE481AA3}.Debug|Any CPU.ActiveCfg = Debug|Any CPU
		{2BC980DA-ACB9-4337-B32A-207BFE481AA3}.Debug|Any CPU.Build.0 = Debug|Any CPU
		{2BC980DA-ACB9-4337-B32A-207BFE481AA3}.Release|Any CPU.ActiveCfg = Release|Any CPU
		{2BC980DA-ACB9-4337-B32A-207BFE481AA3}.Release|Any CPU.Build.0 = Release|Any CPU
		{19B8FE45-C7C2-4DE6-9AC6-9260F9500255}.Debug|Any CPU.ActiveCfg = Debug|Any CPU
		{19B8FE45-C7C2-4DE6-9AC6-9260F9500255}.Debug|Any CPU.Build.0 = Debug|Any CPU
		{19B8FE45-C7C2-4DE6-9AC6-9260F9500255}.Release|Any CPU.ActiveCfg = Release|Any CPU
		{19B8FE45-C7C2-4DE6-9AC6-9260F9500255}.Release|Any CPU.Build.0 = Release|Any CPU
	EndGlobalSection
	GlobalSection(SolutionProperties) = preSolution
		HideSolutionNode = FALSE
	EndGlobalSection
	GlobalSection(ExtensibilityGlobals) = postSolution
		SolutionGuid = {C7218145-F225-4D68-8D1B-FFE54A87E934}
	EndGlobalSection
EndGlobal
